// !$*UTF8*$!
{
	archiveVersion = 1;
	classes = {
	};
	objectVersion = 48;
	objects = {

/* Begin PBXBuildFile section */
		138FCF4E7C319B5F0AACEB11 /* Pods_qiqiaoguoEdu.framework in Frameworks */ = {isa = PBXBuildFile; fileRef = EFB4450CF4F0DA25F751BB49 /* Pods_qiqiaoguoEdu.framework */; };
		673943601FF47DAB00D869BD /* QGCoursesSectionListModel.swift in Sources */ = {isa = PBXBuildFile; fileRef = 6739435F1FF47DAB00D869BD /* QGCoursesSectionListModel.swift */; };
		673943621FF48D7700D869BD /* QGLoadWebView.swift in Sources */ = {isa = PBXBuildFile; fileRef = 673943611FF48D7700D869BD /* QGLoadWebView.swift */; };
		673943661FF4996800D869BD /* QGPullView.swift in Sources */ = {isa = PBXBuildFile; fileRef = 673943651FF4996800D869BD /* QGPullView.swift */; };
		673943681FF4C4A400D869BD /* QGToolButton.swift in Sources */ = {isa = PBXBuildFile; fileRef = 673943671FF4C4A400D869BD /* QGToolButton.swift */; };
		6739436A1FF4C6EC00D869BD /* QGToolButtonView.swift in Sources */ = {isa = PBXBuildFile; fileRef = 673943691FF4C6EC00D869BD /* QGToolButtonView.swift */; };
		673B41541FE7AEC6009C43D3 /* QGHomeModel.swift in Sources */ = {isa = PBXBuildFile; fileRef = 673B41531FE7AEC6009C43D3 /* QGHomeModel.swift */; };
		673B415A1FE7BCDA009C43D3 /* NetworkTool.swift in Sources */ = {isa = PBXBuildFile; fileRef = 673B41591FE7BCD9009C43D3 /* NetworkTool.swift */; };
		673B64231FC403C80072D1ED /* AppDelegate.swift in Sources */ = {isa = PBXBuildFile; fileRef = 673B64221FC403C80072D1ED /* AppDelegate.swift */; };
		673B64251FC403C80072D1ED /* ViewController.swift in Sources */ = {isa = PBXBuildFile; fileRef = 673B64241FC403C80072D1ED /* ViewController.swift */; };
		673B642D1FC403C80072D1ED /* Assets.xcassets in Resources */ = {isa = PBXBuildFile; fileRef = 673B642C1FC403C80072D1ED /* Assets.xcassets */; };
		673B643B1FC403C80072D1ED /* qiqiaoguoEduTests.swift in Sources */ = {isa = PBXBuildFile; fileRef = 673B643A1FC403C80072D1ED /* qiqiaoguoEduTests.swift */; };
		673B64461FC403C80072D1ED /* qiqiaoguoEduUITests.swift in Sources */ = {isa = PBXBuildFile; fileRef = 673B64451FC403C80072D1ED /* qiqiaoguoEduUITests.swift */; };
		673B64621FC4059A0072D1ED /* QGViewController.swift in Sources */ = {isa = PBXBuildFile; fileRef = 673B64611FC4059A0072D1ED /* QGViewController.swift */; };
		673B64641FC405CB0072D1ED /* QGHomeViewController.swift in Sources */ = {isa = PBXBuildFile; fileRef = 673B64631FC405CB0072D1ED /* QGHomeViewController.swift */; };
		673B64661FC405DE0072D1ED /* QGMeViewController.swift in Sources */ = {isa = PBXBuildFile; fileRef = 673B64651FC405DE0072D1ED /* QGMeViewController.swift */; };
		673B64681FC405EE0072D1ED /* QGMessageViewController.swift in Sources */ = {isa = PBXBuildFile; fileRef = 673B64671FC405EE0072D1ED /* QGMessageViewController.swift */; };
		673B646A1FC4379B0072D1ED /* QGTabBarController.swift in Sources */ = {isa = PBXBuildFile; fileRef = 673B64691FC4379B0072D1ED /* QGTabBarController.swift */; };
		673D80E41FEA099700E760F6 /* QGNetAPI.swift in Sources */ = {isa = PBXBuildFile; fileRef = 673D80E31FEA099700E760F6 /* QGNetAPI.swift */; };
		673D80E61FEA127500E760F6 /* QGHomeRepositoryModel.swift in Sources */ = {isa = PBXBuildFile; fileRef = 673D80E51FEA127500E760F6 /* QGHomeRepositoryModel.swift */; };
		674890E81FEC90F7003D3823 /* QGHomeHeardView.swift in Sources */ = {isa = PBXBuildFile; fileRef = 674890E71FEC90F7003D3823 /* QGHomeHeardView.swift */; };
		674890EA1FEC9F9E003D3823 /* QGNearCourseCell.swift in Sources */ = {isa = PBXBuildFile; fileRef = 674890E91FEC9F9E003D3823 /* QGNearCourseCell.swift */; };
		674890EE1FECD762003D3823 /* WRCustomNavigationBar.swift in Sources */ = {isa = PBXBuildFile; fileRef = 674890EC1FECD762003D3823 /* WRCustomNavigationBar.swift */; };
		674890EF1FECD762003D3823 /* WRNavigationBar.swift in Sources */ = {isa = PBXBuildFile; fileRef = 674890ED1FECD762003D3823 /* WRNavigationBar.swift */; };
		674890F31FECE08E003D3823 /* QGNavView.swift in Sources */ = {isa = PBXBuildFile; fileRef = 674890F21FECE08E003D3823 /* QGNavView.swift */; };
		674890F51FECE3A9003D3823 /* QGTitleButton.swift in Sources */ = {isa = PBXBuildFile; fileRef = 674890F41FECE3A9003D3823 /* QGTitleButton.swift */; };
		674A36AB1FEB53FD00CC48DA /* QGTaglistModel.swift in Sources */ = {isa = PBXBuildFile; fileRef = 674A36AA1FEB53FD00CC48DA /* QGTaglistModel.swift */; };
		674A36AD1FEB837400CC48DA /* QGBannerListModel.swift in Sources */ = {isa = PBXBuildFile; fileRef = 674A36AC1FEB837400CC48DA /* QGBannerListModel.swift */; };
		674AFEAF1FE8B2920054B390 /* QGHomeViewModel.swift in Sources */ = {isa = PBXBuildFile; fileRef = 674AFEAE1FE8B2920054B390 /* QGHomeViewModel.swift */; };
		675A98AD1FC5280700BBEED2 /* QGNavigationController.swift in Sources */ = {isa = PBXBuildFile; fileRef = 675A98AC1FC5280700BBEED2 /* QGNavigationController.swift */; };
		676B3EF21FEB9BA900846B1E /* QGCateListModel.swift in Sources */ = {isa = PBXBuildFile; fileRef = 676B3EF11FEB9BA900846B1E /* QGCateListModel.swift */; };
		676B3EF41FEB9E2700846B1E /* QGCateListView.swift in Sources */ = {isa = PBXBuildFile; fileRef = 676B3EF31FEB9E2700846B1E /* QGCateListView.swift */; };
		676B3EF61FEB9FD300846B1E /* QGCateListCollectionViewCell.swift in Sources */ = {isa = PBXBuildFile; fileRef = 676B3EF51FEB9FD300846B1E /* QGCateListCollectionViewCell.swift */; };
		676D7BD11FE36BFA00CC9470 /* QGBtnTagView.swift in Sources */ = {isa = PBXBuildFile; fileRef = 676D7BD01FE36BFA00CC9470 /* QGBtnTagView.swift */; };
		676D7BDD1FE399B700CC9470 /* String+Ext.swift in Sources */ = {isa = PBXBuildFile; fileRef = 676D7BDC1FE399B700CC9470 /* String+Ext.swift */; };
		676D7BE31FE3CDC900CC9470 /* QGCoursesListModel.swift in Sources */ = {isa = PBXBuildFile; fileRef = 676D7BE21FE3CDC900CC9470 /* QGCoursesListModel.swift */; };
		67814BEB1FF086CE0075D370 /* LaunchScreen.storyboard in Resources */ = {isa = PBXBuildFile; fileRef = 67814BEA1FF086CE0075D370 /* LaunchScreen.storyboard */; };
		67814BEF1FF08C320075D370 /* QGClassRoomDetailsController.swift in Sources */ = {isa = PBXBuildFile; fileRef = 67814BEE1FF08C320075D370 /* QGClassRoomDetailsController.swift */; };
		67814BF11FF0C8300075D370 /* QGClassRoomDetailsCell.swift in Sources */ = {isa = PBXBuildFile; fileRef = 67814BF01FF0C8300075D370 /* QGClassRoomDetailsCell.swift */; };
		67814BF91FF0DAD70075D370 /* QGClassRoomModel.swift in Sources */ = {isa = PBXBuildFile; fileRef = 67814BF81FF0DAD70075D370 /* QGClassRoomModel.swift */; };
		67F8C0911FE1328F003AB977 /* QGCoursesListCell.swift in Sources */ = {isa = PBXBuildFile; fileRef = 67F8C0901FE1328F003AB977 /* QGCoursesListCell.swift */; };
		67FF46FD1FC52DA100420D6E /* Main.storyboard in Resources */ = {isa = PBXBuildFile; fileRef = 67FF46FC1FC52DA100420D6E /* Main.storyboard */; };
		67FF46FF1FC54EF500420D6E /* UIView+Ext.swift in Sources */ = {isa = PBXBuildFile; fileRef = 67FF46FE1FC54EF500420D6E /* UIView+Ext.swift */; };
		67FF47011FC54EFE00420D6E /* Define.swift in Sources */ = {isa = PBXBuildFile; fileRef = 67FF47001FC54EFE00420D6E /* Define.swift */; };
		67FF47051FC556D500420D6E /* SwiftHEXColors.swift in Sources */ = {isa = PBXBuildFile; fileRef = 67FF47041FC556D500420D6E /* SwiftHEXColors.swift */; };
		67FF47081FC558FA00420D6E /* QGTableViewCell.swift in Sources */ = {isa = PBXBuildFile; fileRef = 67FF47071FC558FA00420D6E /* QGTableViewCell.swift */; };
		67FF470A1FC5591200420D6E /* QGTableView.swift in Sources */ = {isa = PBXBuildFile; fileRef = 67FF47091FC5591200420D6E /* QGTableView.swift */; };
/* End PBXBuildFile section */

/* Begin PBXContainerItemProxy section */
		673B64371FC403C80072D1ED /* PBXContainerItemProxy */ = {
			isa = PBXContainerItemProxy;
			containerPortal = 673B64171FC403C80072D1ED /* Project object */;
			proxyType = 1;
			remoteGlobalIDString = 673B641E1FC403C80072D1ED;
			remoteInfo = qiqiaoguoEdu;
		};
		673B64421FC403C80072D1ED /* PBXContainerItemProxy */ = {
			isa = PBXContainerItemProxy;
			containerPortal = 673B64171FC403C80072D1ED /* Project object */;
			proxyType = 1;
			remoteGlobalIDString = 673B641E1FC403C80072D1ED;
			remoteInfo = qiqiaoguoEdu;
		};
/* End PBXContainerItemProxy section */

/* Begin PBXFileReference section */
		6739435F1FF47DAB00D869BD /* QGCoursesSectionListModel.swift */ = {isa = PBXFileReference; lastKnownFileType = sourcecode.swift; path = QGCoursesSectionListModel.swift; sourceTree = "<group>"; };
		673943611FF48D7700D869BD /* QGLoadWebView.swift */ = {isa = PBXFileReference; lastKnownFileType = sourcecode.swift; path = QGLoadWebView.swift; sourceTree = "<group>"; };
		673943651FF4996800D869BD /* QGPullView.swift */ = {isa = PBXFileReference; lastKnownFileType = sourcecode.swift; path = QGPullView.swift; sourceTree = "<group>"; };
		673943671FF4C4A400D869BD /* QGToolButton.swift */ = {isa = PBXFileReference; lastKnownFileType = sourcecode.swift; path = QGToolButton.swift; sourceTree = "<group>"; };
		673943691FF4C6EC00D869BD /* QGToolButtonView.swift */ = {isa = PBXFileReference; lastKnownFileType = sourcecode.swift; path = QGToolButtonView.swift; sourceTree = "<group>"; };
		673B41531FE7AEC6009C43D3 /* QGHomeModel.swift */ = {isa = PBXFileReference; lastKnownFileType = sourcecode.swift; path = QGHomeModel.swift; sourceTree = "<group>"; };
		673B41591FE7BCD9009C43D3 /* NetworkTool.swift */ = {isa = PBXFileReference; fileEncoding = 4; lastKnownFileType = sourcecode.swift; path = NetworkTool.swift; sourceTree = "<group>"; };
		673B641F1FC403C80072D1ED /* qiqiaoguoEdu.app */ = {isa = PBXFileReference; explicitFileType = wrapper.application; includeInIndex = 0; path = qiqiaoguoEdu.app; sourceTree = BUILT_PRODUCTS_DIR; };
		673B64221FC403C80072D1ED /* AppDelegate.swift */ = {isa = PBXFileReference; lastKnownFileType = sourcecode.swift; path = AppDelegate.swift; sourceTree = "<group>"; };
		673B64241FC403C80072D1ED /* ViewController.swift */ = {isa = PBXFileReference; lastKnownFileType = sourcecode.swift; path = ViewController.swift; sourceTree = "<group>"; };
		673B642C1FC403C80072D1ED /* Assets.xcassets */ = {isa = PBXFileReference; lastKnownFileType = folder.assetcatalog; path = Assets.xcassets; sourceTree = "<group>"; };
		673B64311FC403C80072D1ED /* Info.plist */ = {isa = PBXFileReference; lastKnownFileType = text.plist.xml; path = Info.plist; sourceTree = "<group>"; };
		673B64361FC403C80072D1ED /* qiqiaoguoEduTests.xctest */ = {isa = PBXFileReference; explicitFileType = wrapper.cfbundle; includeInIndex = 0; path = qiqiaoguoEduTests.xctest; sourceTree = BUILT_PRODUCTS_DIR; };
		673B643A1FC403C80072D1ED /* qiqiaoguoEduTests.swift */ = {isa = PBXFileReference; lastKnownFileType = sourcecode.swift; path = qiqiaoguoEduTests.swift; sourceTree = "<group>"; };
		673B643C1FC403C80072D1ED /* Info.plist */ = {isa = PBXFileReference; lastKnownFileType = text.plist.xml; path = Info.plist; sourceTree = "<group>"; };
		673B64411FC403C80072D1ED /* qiqiaoguoEduUITests.xctest */ = {isa = PBXFileReference; explicitFileType = wrapper.cfbundle; includeInIndex = 0; path = qiqiaoguoEduUITests.xctest; sourceTree = BUILT_PRODUCTS_DIR; };
		673B64451FC403C80072D1ED /* qiqiaoguoEduUITests.swift */ = {isa = PBXFileReference; lastKnownFileType = sourcecode.swift; path = qiqiaoguoEduUITests.swift; sourceTree = "<group>"; };
		673B64471FC403C80072D1ED /* Info.plist */ = {isa = PBXFileReference; lastKnownFileType = text.plist.xml; path = Info.plist; sourceTree = "<group>"; };
		673B64611FC4059A0072D1ED /* QGViewController.swift */ = {isa = PBXFileReference; lastKnownFileType = sourcecode.swift; path = QGViewController.swift; sourceTree = "<group>"; };
		673B64631FC405CB0072D1ED /* QGHomeViewController.swift */ = {isa = PBXFileReference; lastKnownFileType = sourcecode.swift; path = QGHomeViewController.swift; sourceTree = "<group>"; };
		673B64651FC405DE0072D1ED /* QGMeViewController.swift */ = {isa = PBXFileReference; lastKnownFileType = sourcecode.swift; path = QGMeViewController.swift; sourceTree = "<group>"; };
		673B64671FC405EE0072D1ED /* QGMessageViewController.swift */ = {isa = PBXFileReference; lastKnownFileType = sourcecode.swift; path = QGMessageViewController.swift; sourceTree = "<group>"; };
		673B64691FC4379B0072D1ED /* QGTabBarController.swift */ = {isa = PBXFileReference; lastKnownFileType = sourcecode.swift; path = QGTabBarController.swift; sourceTree = "<group>"; };
		673D80E31FEA099700E760F6 /* QGNetAPI.swift */ = {isa = PBXFileReference; lastKnownFileType = sourcecode.swift; path = QGNetAPI.swift; sourceTree = "<group>"; };
		673D80E51FEA127500E760F6 /* QGHomeRepositoryModel.swift */ = {isa = PBXFileReference; fileEncoding = 4; lastKnownFileType = sourcecode.swift; path = QGHomeRepositoryModel.swift; sourceTree = "<group>"; };
		674890E71FEC90F7003D3823 /* QGHomeHeardView.swift */ = {isa = PBXFileReference; lastKnownFileType = sourcecode.swift; path = QGHomeHeardView.swift; sourceTree = "<group>"; };
		674890E91FEC9F9E003D3823 /* QGNearCourseCell.swift */ = {isa = PBXFileReference; lastKnownFileType = sourcecode.swift; path = QGNearCourseCell.swift; sourceTree = "<group>"; };
		674890EC1FECD762003D3823 /* WRCustomNavigationBar.swift */ = {isa = PBXFileReference; fileEncoding = 4; lastKnownFileType = sourcecode.swift; path = WRCustomNavigationBar.swift; sourceTree = "<group>"; };
		674890ED1FECD762003D3823 /* WRNavigationBar.swift */ = {isa = PBXFileReference; fileEncoding = 4; lastKnownFileType = sourcecode.swift; path = WRNavigationBar.swift; sourceTree = "<group>"; };
		674890F21FECE08E003D3823 /* QGNavView.swift */ = {isa = PBXFileReference; lastKnownFileType = sourcecode.swift; path = QGNavView.swift; sourceTree = "<group>"; };
		674890F41FECE3A9003D3823 /* QGTitleButton.swift */ = {isa = PBXFileReference; lastKnownFileType = sourcecode.swift; path = QGTitleButton.swift; sourceTree = "<group>"; };
		674A36AA1FEB53FD00CC48DA /* QGTaglistModel.swift */ = {isa = PBXFileReference; lastKnownFileType = sourcecode.swift; path = QGTaglistModel.swift; sourceTree = "<group>"; };
		674A36AC1FEB837400CC48DA /* QGBannerListModel.swift */ = {isa = PBXFileReference; lastKnownFileType = sourcecode.swift; path = QGBannerListModel.swift; sourceTree = "<group>"; };
		674AFEAE1FE8B2920054B390 /* QGHomeViewModel.swift */ = {isa = PBXFileReference; lastKnownFileType = sourcecode.swift; path = QGHomeViewModel.swift; sourceTree = "<group>"; };
		675A98AC1FC5280700BBEED2 /* QGNavigationController.swift */ = {isa = PBXFileReference; lastKnownFileType = sourcecode.swift; path = QGNavigationController.swift; sourceTree = "<group>"; };
		676B3EF11FEB9BA900846B1E /* QGCateListModel.swift */ = {isa = PBXFileReference; lastKnownFileType = sourcecode.swift; path = QGCateListModel.swift; sourceTree = "<group>"; };
		676B3EF31FEB9E2700846B1E /* QGCateListView.swift */ = {isa = PBXFileReference; lastKnownFileType = sourcecode.swift; path = QGCateListView.swift; sourceTree = "<group>"; };
		676B3EF51FEB9FD300846B1E /* QGCateListCollectionViewCell.swift */ = {isa = PBXFileReference; lastKnownFileType = sourcecode.swift; path = QGCateListCollectionViewCell.swift; sourceTree = "<group>"; };
		676D7BD01FE36BFA00CC9470 /* QGBtnTagView.swift */ = {isa = PBXFileReference; lastKnownFileType = sourcecode.swift; path = QGBtnTagView.swift; sourceTree = "<group>"; };
		676D7BDC1FE399B700CC9470 /* String+Ext.swift */ = {isa = PBXFileReference; lastKnownFileType = sourcecode.swift; path = "String+Ext.swift"; sourceTree = "<group>"; };
		676D7BE21FE3CDC900CC9470 /* QGCoursesListModel.swift */ = {isa = PBXFileReference; lastKnownFileType = sourcecode.swift; path = QGCoursesListModel.swift; sourceTree = "<group>"; };
		67814BEA1FF086CE0075D370 /* LaunchScreen.storyboard */ = {isa = PBXFileReference; lastKnownFileType = file.storyboard; path = LaunchScreen.storyboard; sourceTree = "<group>"; };
		67814BEE1FF08C320075D370 /* QGClassRoomDetailsController.swift */ = {isa = PBXFileReference; lastKnownFileType = sourcecode.swift; path = QGClassRoomDetailsController.swift; sourceTree = "<group>"; };
		67814BF01FF0C8300075D370 /* QGClassRoomDetailsCell.swift */ = {isa = PBXFileReference; lastKnownFileType = sourcecode.swift; path = QGClassRoomDetailsCell.swift; sourceTree = "<group>"; };
		67814BF81FF0DAD70075D370 /* QGClassRoomModel.swift */ = {isa = PBXFileReference; lastKnownFileType = sourcecode.swift; path = QGClassRoomModel.swift; sourceTree = "<group>"; };
		67F8C0901FE1328F003AB977 /* QGCoursesListCell.swift */ = {isa = PBXFileReference; lastKnownFileType = sourcecode.swift; path = QGCoursesListCell.swift; sourceTree = "<group>"; };
		67FF46FC1FC52DA100420D6E /* Main.storyboard */ = {isa = PBXFileReference; fileEncoding = 4; lastKnownFileType = file.storyboard; path = Main.storyboard; sourceTree = "<group>"; };
		67FF46FE1FC54EF500420D6E /* UIView+Ext.swift */ = {isa = PBXFileReference; fileEncoding = 4; lastKnownFileType = sourcecode.swift; path = "UIView+Ext.swift"; sourceTree = "<group>"; };
		67FF47001FC54EFE00420D6E /* Define.swift */ = {isa = PBXFileReference; fileEncoding = 4; lastKnownFileType = sourcecode.swift; path = Define.swift; sourceTree = "<group>"; };
		67FF47041FC556D500420D6E /* SwiftHEXColors.swift */ = {isa = PBXFileReference; fileEncoding = 4; lastKnownFileType = sourcecode.swift; path = SwiftHEXColors.swift; sourceTree = "<group>"; };
		67FF47071FC558FA00420D6E /* QGTableViewCell.swift */ = {isa = PBXFileReference; lastKnownFileType = sourcecode.swift; path = QGTableViewCell.swift; sourceTree = "<group>"; };
		67FF47091FC5591200420D6E /* QGTableView.swift */ = {isa = PBXFileReference; lastKnownFileType = sourcecode.swift; path = QGTableView.swift; sourceTree = "<group>"; };
		C704D16891CCE0C19E0D5E99 /* Pods-qiqiaoguoEdu.release.xcconfig */ = {isa = PBXFileReference; includeInIndex = 1; lastKnownFileType = text.xcconfig; name = "Pods-qiqiaoguoEdu.release.xcconfig"; path = "Pods/Target Support Files/Pods-qiqiaoguoEdu/Pods-qiqiaoguoEdu.release.xcconfig"; sourceTree = "<group>"; };
		EB25E11E2C4B1C940DEFE37B /* Pods-qiqiaoguoEdu.debug.xcconfig */ = {isa = PBXFileReference; includeInIndex = 1; lastKnownFileType = text.xcconfig; name = "Pods-qiqiaoguoEdu.debug.xcconfig"; path = "Pods/Target Support Files/Pods-qiqiaoguoEdu/Pods-qiqiaoguoEdu.debug.xcconfig"; sourceTree = "<group>"; };
		EFB4450CF4F0DA25F751BB49 /* Pods_qiqiaoguoEdu.framework */ = {isa = PBXFileReference; explicitFileType = wrapper.framework; includeInIndex = 0; path = Pods_qiqiaoguoEdu.framework; sourceTree = BUILT_PRODUCTS_DIR; };
/* End PBXFileReference section */

/* Begin PBXFrameworksBuildPhase section */
		673B641C1FC403C80072D1ED /* Frameworks */ = {
			isa = PBXFrameworksBuildPhase;
			buildActionMask = 2147483647;
			files = (
				138FCF4E7C319B5F0AACEB11 /* Pods_qiqiaoguoEdu.framework in Frameworks */,
			);
			runOnlyForDeploymentPostprocessing = 0;
		};
		673B64331FC403C80072D1ED /* Frameworks */ = {
			isa = PBXFrameworksBuildPhase;
			buildActionMask = 2147483647;
			files = (
			);
			runOnlyForDeploymentPostprocessing = 0;
		};
		673B643E1FC403C80072D1ED /* Frameworks */ = {
			isa = PBXFrameworksBuildPhase;
			buildActionMask = 2147483647;
			files = (
			);
			runOnlyForDeploymentPostprocessing = 0;
		};
/* End PBXFrameworksBuildPhase section */

/* Begin PBXGroup section */
		2C614B9841C62D28F2FBFBD5 /* Frameworks */ = {
			isa = PBXGroup;
			children = (
				EFB4450CF4F0DA25F751BB49 /* Pods_qiqiaoguoEdu.framework */,
			);
			name = Frameworks;
			sourceTree = "<group>";
		};
		6739436B1FF4D8CC00D869BD /* cousesDetail */ = {
			isa = PBXGroup;
			children = (
				67814BF81FF0DAD70075D370 /* QGClassRoomModel.swift */,
				6739435F1FF47DAB00D869BD /* QGCoursesSectionListModel.swift */,
			);
			path = cousesDetail;
			sourceTree = "<group>";
		};
		6739436C1FF4D92600D869BD /* cousesDetail */ = {
			isa = PBXGroup;
			children = (
				673943651FF4996800D869BD /* QGPullView.swift */,
				673943671FF4C4A400D869BD /* QGToolButton.swift */,
				673943691FF4C6EC00D869BD /* QGToolButtonView.swift */,
				67814BF01FF0C8300075D370 /* QGClassRoomDetailsCell.swift */,
			);
			path = cousesDetail;
			sourceTree = "<group>";
		};
		673B41501FE7ADCD009C43D3 /* ViewModel */ = {
			isa = PBXGroup;
			children = (
				674AFEAE1FE8B2920054B390 /* QGHomeViewModel.swift */,
			);
			path = ViewModel;
			sourceTree = "<group>";
		};
		673B64161FC403C80072D1ED = {
			isa = PBXGroup;
			children = (
				673B64211FC403C80072D1ED /* qiqiaoguoEdu */,
				673B64391FC403C80072D1ED /* qiqiaoguoEduTests */,
				673B64441FC403C80072D1ED /* qiqiaoguoEduUITests */,
				673B64201FC403C80072D1ED /* Products */,
				7325770BECB3ADB4C6EA3F19 /* Pods */,
				2C614B9841C62D28F2FBFBD5 /* Frameworks */,
			);
			sourceTree = "<group>";
		};
		673B64201FC403C80072D1ED /* Products */ = {
			isa = PBXGroup;
			children = (
				673B641F1FC403C80072D1ED /* qiqiaoguoEdu.app */,
				673B64361FC403C80072D1ED /* qiqiaoguoEduTests.xctest */,
				673B64411FC403C80072D1ED /* qiqiaoguoEduUITests.xctest */,
			);
			name = Products;
			sourceTree = "<group>";
		};
		673B64211FC403C80072D1ED /* qiqiaoguoEdu */ = {
			isa = PBXGroup;
			children = (
				673B64531FC404F30072D1ED /* Classes */,
				673B64221FC403C80072D1ED /* AppDelegate.swift */,
				673B64241FC403C80072D1ED /* ViewController.swift */,
				67FF46FC1FC52DA100420D6E /* Main.storyboard */,
				673B642C1FC403C80072D1ED /* Assets.xcassets */,
				673B64311FC403C80072D1ED /* Info.plist */,
				67814BEA1FF086CE0075D370 /* LaunchScreen.storyboard */,
			);
			path = qiqiaoguoEdu;
			sourceTree = "<group>";
		};
		673B64391FC403C80072D1ED /* qiqiaoguoEduTests */ = {
			isa = PBXGroup;
			children = (
				673B643A1FC403C80072D1ED /* qiqiaoguoEduTests.swift */,
				673B643C1FC403C80072D1ED /* Info.plist */,
			);
			path = qiqiaoguoEduTests;
			sourceTree = "<group>";
		};
		673B64441FC403C80072D1ED /* qiqiaoguoEduUITests */ = {
			isa = PBXGroup;
			children = (
				673B64451FC403C80072D1ED /* qiqiaoguoEduUITests.swift */,
				673B64471FC403C80072D1ED /* Info.plist */,
			);
			path = qiqiaoguoEduUITests;
			sourceTree = "<group>";
		};
		673B64531FC404F30072D1ED /* Classes */ = {
			isa = PBXGroup;
			children = (
				673B64591FC404F30072D1ED /* Me */,
				673B64581FC404F30072D1ED /* Main */,
				673B64541FC404F30072D1ED /* Home */,
				673B645D1FC404F30072D1ED /* Message */,
			);
			path = Classes;
			sourceTree = "<group>";
		};
		673B64541FC404F30072D1ED /* Home */ = {
			isa = PBXGroup;
			children = (
				673B41501FE7ADCD009C43D3 /* ViewModel */,
				673B64551FC404F30072D1ED /* Controller */,
				673B64561FC404F30072D1ED /* Model */,
				673B64571FC404F30072D1ED /* View */,
			);
			path = Home;
			sourceTree = "<group>";
		};
		673B64551FC404F30072D1ED /* Controller */ = {
			isa = PBXGroup;
			children = (
				673B64631FC405CB0072D1ED /* QGHomeViewController.swift */,
				67814BEE1FF08C320075D370 /* QGClassRoomDetailsController.swift */,
			);
			path = Controller;
			sourceTree = "<group>";
		};
		673B64561FC404F30072D1ED /* Model */ = {
			isa = PBXGroup;
			children = (
				6739436B1FF4D8CC00D869BD /* cousesDetail */,
				673D80E51FEA127500E760F6 /* QGHomeRepositoryModel.swift */,
				676D7BE21FE3CDC900CC9470 /* QGCoursesListModel.swift */,
				674A36AC1FEB837400CC48DA /* QGBannerListModel.swift */,
				676B3EF11FEB9BA900846B1E /* QGCateListModel.swift */,
				674A36AA1FEB53FD00CC48DA /* QGTaglistModel.swift */,
				673B41531FE7AEC6009C43D3 /* QGHomeModel.swift */,
			);
			path = Model;
			sourceTree = "<group>";
		};
		673B64571FC404F30072D1ED /* View */ = {
			isa = PBXGroup;
			children = (
				6739436C1FF4D92600D869BD /* cousesDetail */,
				676B3EF51FEB9FD300846B1E /* QGCateListCollectionViewCell.swift */,
				67F8C0901FE1328F003AB977 /* QGCoursesListCell.swift */,
				674890E91FEC9F9E003D3823 /* QGNearCourseCell.swift */,
				674890E71FEC90F7003D3823 /* QGHomeHeardView.swift */,
				676B3EF31FEB9E2700846B1E /* QGCateListView.swift */,
				674890F41FECE3A9003D3823 /* QGTitleButton.swift */,
				676D7BD01FE36BFA00CC9470 /* QGBtnTagView.swift */,
				674890F21FECE08E003D3823 /* QGNavView.swift */,
			);
			path = View;
			sourceTree = "<group>";
		};
		673B64581FC404F30072D1ED /* Main */ = {
			isa = PBXGroup;
			children = (
				674890EB1FECD759003D3823 /* lib */,
				67FF470B1FC566A800420D6E /* 网络请求 */,
				67FF47061FC558C100420D6E /* View */,
				673B64611FC4059A0072D1ED /* QGViewController.swift */,
				673B64691FC4379B0072D1ED /* QGTabBarController.swift */,
				675A98AC1FC5280700BBEED2 /* QGNavigationController.swift */,
				67FF46FE1FC54EF500420D6E /* UIView+Ext.swift */,
				67FF47001FC54EFE00420D6E /* Define.swift */,
				67FF47041FC556D500420D6E /* SwiftHEXColors.swift */,
				676D7BDC1FE399B700CC9470 /* String+Ext.swift */,
			);
			path = Main;
			sourceTree = "<group>";
		};
		673B64591FC404F30072D1ED /* Me */ = {
			isa = PBXGroup;
			children = (
				673B645A1FC404F30072D1ED /* Controller */,
				673B645B1FC404F30072D1ED /* Model */,
				673B645C1FC404F30072D1ED /* View */,
			);
			path = Me;
			sourceTree = "<group>";
		};
		673B645A1FC404F30072D1ED /* Controller */ = {
			isa = PBXGroup;
			children = (
				673B64651FC405DE0072D1ED /* QGMeViewController.swift */,
			);
			path = Controller;
			sourceTree = "<group>";
		};
		673B645B1FC404F30072D1ED /* Model */ = {
			isa = PBXGroup;
			children = (
			);
			path = Model;
			sourceTree = "<group>";
		};
		673B645C1FC404F30072D1ED /* View */ = {
			isa = PBXGroup;
			children = (
			);
			path = View;
			sourceTree = "<group>";
		};
		673B645D1FC404F30072D1ED /* Message */ = {
			isa = PBXGroup;
			children = (
				673B645E1FC404F30072D1ED /* Controller */,
				673B645F1FC404F30072D1ED /* Model */,
				673B64601FC404F30072D1ED /* View */,
			);
			path = Message;
			sourceTree = "<group>";
		};
		673B645E1FC404F30072D1ED /* Controller */ = {
			isa = PBXGroup;
			children = (
				673B64671FC405EE0072D1ED /* QGMessageViewController.swift */,
			);
			path = Controller;
			sourceTree = "<group>";
		};
		673B645F1FC404F30072D1ED /* Model */ = {
			isa = PBXGroup;
			children = (
			);
			path = Model;
			sourceTree = "<group>";
		};
		673B64601FC404F30072D1ED /* View */ = {
			isa = PBXGroup;
			children = (
			);
			path = View;
			sourceTree = "<group>";
		};
		674890EB1FECD759003D3823 /* lib */ = {
			isa = PBXGroup;
			children = (
				674890EC1FECD762003D3823 /* WRCustomNavigationBar.swift */,
				674890ED1FECD762003D3823 /* WRNavigationBar.swift */,
			);
			path = lib;
			sourceTree = "<group>";
		};
		67FF47061FC558C100420D6E /* View */ = {
			isa = PBXGroup;
			children = (
				67FF47071FC558FA00420D6E /* QGTableViewCell.swift */,
				67FF47091FC5591200420D6E /* QGTableView.swift */,
				673943611FF48D7700D869BD /* QGLoadWebView.swift */,
			);
			path = View;
			sourceTree = "<group>";
		};
		67FF470B1FC566A800420D6E /* 网络请求 */ = {
			isa = PBXGroup;
			children = (
				673B41591FE7BCD9009C43D3 /* NetworkTool.swift */,
				673D80E31FEA099700E760F6 /* QGNetAPI.swift */,
			);
			path = "网络请求";
			sourceTree = "<group>";
		};
		7325770BECB3ADB4C6EA3F19 /* Pods */ = {
			isa = PBXGroup;
			children = (
				EB25E11E2C4B1C940DEFE37B /* Pods-qiqiaoguoEdu.debug.xcconfig */,
				C704D16891CCE0C19E0D5E99 /* Pods-qiqiaoguoEdu.release.xcconfig */,
			);
			name = Pods;
			sourceTree = "<group>";
		};
/* End PBXGroup section */

/* Begin PBXNativeTarget section */
		673B641E1FC403C80072D1ED /* qiqiaoguoEdu */ = {
			isa = PBXNativeTarget;
			buildConfigurationList = 673B644A1FC403C80072D1ED /* Build configuration list for PBXNativeTarget "qiqiaoguoEdu" */;
			buildPhases = (
				373C370B09CA436D802E8466 /* [CP] Check Pods Manifest.lock */,
				673B641B1FC403C80072D1ED /* Sources */,
				673B641C1FC403C80072D1ED /* Frameworks */,
				673B641D1FC403C80072D1ED /* Resources */,
				30577CFD04C8C9F83ED8FD04 /* [CP] Embed Pods Frameworks */,
				29AA2145A6473C5A6B34A0EB /* [CP] Copy Pods Resources */,
			);
			buildRules = (
			);
			dependencies = (
			);
			name = qiqiaoguoEdu;
			productName = qiqiaoguoEdu;
			productReference = 673B641F1FC403C80072D1ED /* qiqiaoguoEdu.app */;
			productType = "com.apple.product-type.application";
		};
		673B64351FC403C80072D1ED /* qiqiaoguoEduTests */ = {
			isa = PBXNativeTarget;
			buildConfigurationList = 673B644D1FC403C80072D1ED /* Build configuration list for PBXNativeTarget "qiqiaoguoEduTests" */;
			buildPhases = (
				673B64321FC403C80072D1ED /* Sources */,
				673B64331FC403C80072D1ED /* Frameworks */,
				673B64341FC403C80072D1ED /* Resources */,
			);
			buildRules = (
			);
			dependencies = (
				673B64381FC403C80072D1ED /* PBXTargetDependency */,
			);
			name = qiqiaoguoEduTests;
			productName = qiqiaoguoEduTests;
			productReference = 673B64361FC403C80072D1ED /* qiqiaoguoEduTests.xctest */;
			productType = "com.apple.product-type.bundle.unit-test";
		};
		673B64401FC403C80072D1ED /* qiqiaoguoEduUITests */ = {
			isa = PBXNativeTarget;
			buildConfigurationList = 673B64501FC403C80072D1ED /* Build configuration list for PBXNativeTarget "qiqiaoguoEduUITests" */;
			buildPhases = (
				673B643D1FC403C80072D1ED /* Sources */,
				673B643E1FC403C80072D1ED /* Frameworks */,
				673B643F1FC403C80072D1ED /* Resources */,
			);
			buildRules = (
			);
			dependencies = (
				673B64431FC403C80072D1ED /* PBXTargetDependency */,
			);
			name = qiqiaoguoEduUITests;
			productName = qiqiaoguoEduUITests;
			productReference = 673B64411FC403C80072D1ED /* qiqiaoguoEduUITests.xctest */;
			productType = "com.apple.product-type.bundle.ui-testing";
		};
/* End PBXNativeTarget section */

/* Begin PBXProject section */
		673B64171FC403C80072D1ED /* Project object */ = {
			isa = PBXProject;
			attributes = {
				CLASSPREFIX = QG;
				LastSwiftUpdateCheck = 0910;
				LastUpgradeCheck = 0910;
				ORGANIZATIONNAME = xieminqiang;
				TargetAttributes = {
					673B641E1FC403C80072D1ED = {
						CreatedOnToolsVersion = 9.1;
						LastSwiftMigration = 0920;
						ProvisioningStyle = Automatic;
					};
					673B64351FC403C80072D1ED = {
						CreatedOnToolsVersion = 9.1;
						ProvisioningStyle = Automatic;
						TestTargetID = 673B641E1FC403C80072D1ED;
					};
					673B64401FC403C80072D1ED = {
						CreatedOnToolsVersion = 9.1;
						ProvisioningStyle = Automatic;
						TestTargetID = 673B641E1FC403C80072D1ED;
					};
				};
			};
			buildConfigurationList = 673B641A1FC403C80072D1ED /* Build configuration list for PBXProject "qiqiaoguoEdu" */;
			compatibilityVersion = "Xcode 8.0";
			developmentRegion = en;
			hasScannedForEncodings = 0;
			knownRegions = (
				en,
				Base,
			);
			mainGroup = 673B64161FC403C80072D1ED;
			productRefGroup = 673B64201FC403C80072D1ED /* Products */;
			projectDirPath = "";
			projectRoot = "";
			targets = (
				673B641E1FC403C80072D1ED /* qiqiaoguoEdu */,
				673B64351FC403C80072D1ED /* qiqiaoguoEduTests */,
				673B64401FC403C80072D1ED /* qiqiaoguoEduUITests */,
			);
		};
/* End PBXProject section */

/* Begin PBXResourcesBuildPhase section */
		673B641D1FC403C80072D1ED /* Resources */ = {
			isa = PBXResourcesBuildPhase;
			buildActionMask = 2147483647;
			files = (
				67814BEB1FF086CE0075D370 /* LaunchScreen.storyboard in Resources */,
				67FF46FD1FC52DA100420D6E /* Main.storyboard in Resources */,
				673B642D1FC403C80072D1ED /* Assets.xcassets in Resources */,
			);
			runOnlyForDeploymentPostprocessing = 0;
		};
		673B64341FC403C80072D1ED /* Resources */ = {
			isa = PBXResourcesBuildPhase;
			buildActionMask = 2147483647;
			files = (
			);
			runOnlyForDeploymentPostprocessing = 0;
		};
		673B643F1FC403C80072D1ED /* Resources */ = {
			isa = PBXResourcesBuildPhase;
			buildActionMask = 2147483647;
			files = (
			);
			runOnlyForDeploymentPostprocessing = 0;
		};
/* End PBXResourcesBuildPhase section */

/* Begin PBXShellScriptBuildPhase section */
		29AA2145A6473C5A6B34A0EB /* [CP] Copy Pods Resources */ = {
			isa = PBXShellScriptBuildPhase;
			buildActionMask = 2147483647;
			files = (
			);
			inputPaths = (
			);
			name = "[CP] Copy Pods Resources";
			outputPaths = (
			);
			runOnlyForDeploymentPostprocessing = 0;
			shellPath = /bin/sh;
			shellScript = "\"${SRCROOT}/Pods/Target Support Files/Pods-qiqiaoguoEdu/Pods-qiqiaoguoEdu-resources.sh\"\n";
			showEnvVarsInLog = 0;
		};
		30577CFD04C8C9F83ED8FD04 /* [CP] Embed Pods Frameworks */ = {
			isa = PBXShellScriptBuildPhase;
			buildActionMask = 2147483647;
			files = (
			);
			inputPaths = (
				"${SRCROOT}/Pods/Target Support Files/Pods-qiqiaoguoEdu/Pods-qiqiaoguoEdu-frameworks.sh",
				"${BUILT_PRODUCTS_DIR}/Alamofire/Alamofire.framework",
				"${BUILT_PRODUCTS_DIR}/Kingfisher/Kingfisher.framework",
				"${BUILT_PRODUCTS_DIR}/MJRefresh/MJRefresh.framework",
				"${BUILT_PRODUCTS_DIR}/Moya/Moya.framework",
				"${BUILT_PRODUCTS_DIR}/Moya-ObjectMapper/Moya_ObjectMapper.framework",
				"${BUILT_PRODUCTS_DIR}/ObjectMapper/ObjectMapper.framework",
				"${BUILT_PRODUCTS_DIR}/Result/Result.framework",
				"${BUILT_PRODUCTS_DIR}/RxSwift/RxSwift.framework",
				"${BUILT_PRODUCTS_DIR}/SDCycleScrollView/SDCycleScrollView.framework",
				"${BUILT_PRODUCTS_DIR}/SDWebImage/SDWebImage.framework",
				"${BUILT_PRODUCTS_DIR}/SVProgressHUD/SVProgressHUD.framework",
				"${BUILT_PRODUCTS_DIR}/SnapKit/SnapKit.framework",
				"${BUILT_PRODUCTS_DIR}/SwiftyJSON/SwiftyJSON.framework",
			);
			name = "[CP] Embed Pods Frameworks";
			outputPaths = (
				"${TARGET_BUILD_DIR}/${FRAMEWORKS_FOLDER_PATH}/Alamofire.framework",
				"${TARGET_BUILD_DIR}/${FRAMEWORKS_FOLDER_PATH}/Kingfisher.framework",
				"${TARGET_BUILD_DIR}/${FRAMEWORKS_FOLDER_PATH}/MJRefresh.framework",
				"${TARGET_BUILD_DIR}/${FRAMEWORKS_FOLDER_PATH}/Moya.framework",
				"${TARGET_BUILD_DIR}/${FRAMEWORKS_FOLDER_PATH}/Moya_ObjectMapper.framework",
				"${TARGET_BUILD_DIR}/${FRAMEWORKS_FOLDER_PATH}/ObjectMapper.framework",
				"${TARGET_BUILD_DIR}/${FRAMEWORKS_FOLDER_PATH}/Result.framework",
				"${TARGET_BUILD_DIR}/${FRAMEWORKS_FOLDER_PATH}/RxSwift.framework",
				"${TARGET_BUILD_DIR}/${FRAMEWORKS_FOLDER_PATH}/SDCycleScrollView.framework",
				"${TARGET_BUILD_DIR}/${FRAMEWORKS_FOLDER_PATH}/SDWebImage.framework",
				"${TARGET_BUILD_DIR}/${FRAMEWORKS_FOLDER_PATH}/SVProgressHUD.framework",
				"${TARGET_BUILD_DIR}/${FRAMEWORKS_FOLDER_PATH}/SnapKit.framework",
				"${TARGET_BUILD_DIR}/${FRAMEWORKS_FOLDER_PATH}/SwiftyJSON.framework",
			);
			runOnlyForDeploymentPostprocessing = 0;
			shellPath = /bin/sh;
			shellScript = "\"${SRCROOT}/Pods/Target Support Files/Pods-qiqiaoguoEdu/Pods-qiqiaoguoEdu-frameworks.sh\"\n";
			showEnvVarsInLog = 0;
		};
		373C370B09CA436D802E8466 /* [CP] Check Pods Manifest.lock */ = {
			isa = PBXShellScriptBuildPhase;
			buildActionMask = 2147483647;
			files = (
			);
			inputPaths = (
				"${PODS_PODFILE_DIR_PATH}/Podfile.lock",
				"${PODS_ROOT}/Manifest.lock",
			);
			name = "[CP] Check Pods Manifest.lock";
			outputPaths = (
				"$(DERIVED_FILE_DIR)/Pods-qiqiaoguoEdu-checkManifestLockResult.txt",
			);
			runOnlyForDeploymentPostprocessing = 0;
			shellPath = /bin/sh;
			shellScript = "diff \"${PODS_PODFILE_DIR_PATH}/Podfile.lock\" \"${PODS_ROOT}/Manifest.lock\" > /dev/null\nif [ $? != 0 ] ; then\n    # print error to STDERR\n    echo \"error: The sandbox is not in sync with the Podfile.lock. Run 'pod install' or update your CocoaPods installation.\" >&2\n    exit 1\nfi\n# This output is used by Xcode 'outputs' to avoid re-running this script phase.\necho \"SUCCESS\" > \"${SCRIPT_OUTPUT_FILE_0}\"\n";
			showEnvVarsInLog = 0;
		};
/* End PBXShellScriptBuildPhase section */

/* Begin PBXSourcesBuildPhase section */
		673B641B1FC403C80072D1ED /* Sources */ = {
			isa = PBXSourcesBuildPhase;
			buildActionMask = 2147483647;
			files = (
				673B415A1FE7BCDA009C43D3 /* NetworkTool.swift in Sources */,
				673B64661FC405DE0072D1ED /* QGMeViewController.swift in Sources */,
				676B3EF21FEB9BA900846B1E /* QGCateListModel.swift in Sources */,
				673943661FF4996800D869BD /* QGPullView.swift in Sources */,
				67FF470A1FC5591200420D6E /* QGTableView.swift in Sources */,
				674AFEAF1FE8B2920054B390 /* QGHomeViewModel.swift in Sources */,
				673B64641FC405CB0072D1ED /* QGHomeViewController.swift in Sources */,
				673D80E61FEA127500E760F6 /* QGHomeRepositoryModel.swift in Sources */,
				674890F31FECE08E003D3823 /* QGNavView.swift in Sources */,
				67FF46FF1FC54EF500420D6E /* UIView+Ext.swift in Sources */,
				673D80E41FEA099700E760F6 /* QGNetAPI.swift in Sources */,
				67FF47051FC556D500420D6E /* SwiftHEXColors.swift in Sources */,
				67814BF11FF0C8300075D370 /* QGClassRoomDetailsCell.swift in Sources */,
				67FF47081FC558FA00420D6E /* QGTableViewCell.swift in Sources */,
				676D7BD11FE36BFA00CC9470 /* QGBtnTagView.swift in Sources */,
				676D7BE31FE3CDC900CC9470 /* QGCoursesListModel.swift in Sources */,
				674890F51FECE3A9003D3823 /* QGTitleButton.swift in Sources */,
				673B64681FC405EE0072D1ED /* QGMessageViewController.swift in Sources */,
				673943621FF48D7700D869BD /* QGLoadWebView.swift in Sources */,
				674890EE1FECD762003D3823 /* WRCustomNavigationBar.swift in Sources */,
				67FF47011FC54EFE00420D6E /* Define.swift in Sources */,
				67814BEF1FF08C320075D370 /* QGClassRoomDetailsController.swift in Sources */,
				67814BF91FF0DAD70075D370 /* QGClassRoomModel.swift in Sources */,
				673B646A1FC4379B0072D1ED /* QGTabBarController.swift in Sources */,
				673B64621FC4059A0072D1ED /* QGViewController.swift in Sources */,
				676B3EF41FEB9E2700846B1E /* QGCateListView.swift in Sources */,
				673943681FF4C4A400D869BD /* QGToolButton.swift in Sources */,
				674890EA1FEC9F9E003D3823 /* QGNearCourseCell.swift in Sources */,
				6739436A1FF4C6EC00D869BD /* QGToolButtonView.swift in Sources */,
				674A36AB1FEB53FD00CC48DA /* QGTaglistModel.swift in Sources */,
				676D7BDD1FE399B700CC9470 /* String+Ext.swift in Sources */,
				67F8C0911FE1328F003AB977 /* QGCoursesListCell.swift in Sources */,
				674A36AD1FEB837400CC48DA /* QGBannerListModel.swift in Sources */,
				675A98AD1FC5280700BBEED2 /* QGNavigationController.swift in Sources */,
				673B41541FE7AEC6009C43D3 /* QGHomeModel.swift in Sources */,
				673B64251FC403C80072D1ED /* ViewController.swift in Sources */,
				676B3EF61FEB9FD300846B1E /* QGCateListCollectionViewCell.swift in Sources */,
				673B64231FC403C80072D1ED /* AppDelegate.swift in Sources */,
				673943601FF47DAB00D869BD /* QGCoursesSectionListModel.swift in Sources */,
				674890E81FEC90F7003D3823 /* QGHomeHeardView.swift in Sources */,
				674890EF1FECD762003D3823 /* WRNavigationBar.swift in Sources */,
			);
			runOnlyForDeploymentPostprocessing = 0;
		};
		673B64321FC403C80072D1ED /* Sources */ = {
			isa = PBXSourcesBuildPhase;
			buildActionMask = 2147483647;
			files = (
				673B643B1FC403C80072D1ED /* qiqiaoguoEduTests.swift in Sources */,
			);
			runOnlyForDeploymentPostprocessing = 0;
		};
		673B643D1FC403C80072D1ED /* Sources */ = {
			isa = PBXSourcesBuildPhase;
			buildActionMask = 2147483647;
			files = (
				673B64461FC403C80072D1ED /* qiqiaoguoEduUITests.swift in Sources */,
			);
			runOnlyForDeploymentPostprocessing = 0;
		};
/* End PBXSourcesBuildPhase section */

/* Begin PBXTargetDependency section */
		673B64381FC403C80072D1ED /* PBXTargetDependency */ = {
			isa = PBXTargetDependency;
			target = 673B641E1FC403C80072D1ED /* qiqiaoguoEdu */;
			targetProxy = 673B64371FC403C80072D1ED /* PBXContainerItemProxy */;
		};
		673B64431FC403C80072D1ED /* PBXTargetDependency */ = {
			isa = PBXTargetDependency;
			target = 673B641E1FC403C80072D1ED /* qiqiaoguoEdu */;
			targetProxy = 673B64421FC403C80072D1ED /* PBXContainerItemProxy */;
		};
/* End PBXTargetDependency section */

/* Begin XCBuildConfiguration section */
		673B64481FC403C80072D1ED /* Debug */ = {
			isa = XCBuildConfiguration;
			buildSettings = {
				ALWAYS_SEARCH_USER_PATHS = NO;
				CLANG_ANALYZER_NONNULL = YES;
				CLANG_ANALYZER_NUMBER_OBJECT_CONVERSION = YES_AGGRESSIVE;
				CLANG_CXX_LANGUAGE_STANDARD = "gnu++14";
				CLANG_CXX_LIBRARY = "libc++";
				CLANG_ENABLE_MODULES = YES;
				CLANG_ENABLE_OBJC_ARC = YES;
				CLANG_WARN_BLOCK_CAPTURE_AUTORELEASING = YES;
				CLANG_WARN_BOOL_CONVERSION = YES;
				CLANG_WARN_COMMA = YES;
				CLANG_WARN_CONSTANT_CONVERSION = YES;
				CLANG_WARN_DIRECT_OBJC_ISA_USAGE = YES_ERROR;
				CLANG_WARN_DOCUMENTATION_COMMENTS = YES;
				CLANG_WARN_EMPTY_BODY = YES;
				CLANG_WARN_ENUM_CONVERSION = YES;
				CLANG_WARN_INFINITE_RECURSION = YES;
				CLANG_WARN_INT_CONVERSION = YES;
				CLANG_WARN_NON_LITERAL_NULL_CONVERSION = YES;
				CLANG_WARN_OBJC_LITERAL_CONVERSION = YES;
				CLANG_WARN_OBJC_ROOT_CLASS = YES_ERROR;
				CLANG_WARN_RANGE_LOOP_ANALYSIS = YES;
				CLANG_WARN_STRICT_PROTOTYPES = YES;
				CLANG_WARN_SUSPICIOUS_MOVE = YES;
				CLANG_WARN_UNGUARDED_AVAILABILITY = YES_AGGRESSIVE;
				CLANG_WARN_UNREACHABLE_CODE = YES;
				CLANG_WARN__DUPLICATE_METHOD_MATCH = YES;
				CODE_SIGN_IDENTITY = "iPhone Developer";
				COPY_PHASE_STRIP = NO;
				DEBUG_INFORMATION_FORMAT = dwarf;
				ENABLE_STRICT_OBJC_MSGSEND = YES;
				ENABLE_TESTABILITY = YES;
				GCC_C_LANGUAGE_STANDARD = gnu11;
				GCC_DYNAMIC_NO_PIC = NO;
				GCC_NO_COMMON_BLOCKS = YES;
				GCC_OPTIMIZATION_LEVEL = 0;
				GCC_PREPROCESSOR_DEFINITIONS = (
					"DEBUG=1",
					"$(inherited)",
				);
				GCC_WARN_64_TO_32_BIT_CONVERSION = YES;
				GCC_WARN_ABOUT_RETURN_TYPE = YES_ERROR;
				GCC_WARN_UNDECLARED_SELECTOR = YES;
				GCC_WARN_UNINITIALIZED_AUTOS = YES_AGGRESSIVE;
				GCC_WARN_UNUSED_FUNCTION = YES;
				GCC_WARN_UNUSED_VARIABLE = YES;
				IPHONEOS_DEPLOYMENT_TARGET = 11.1;
				MTL_ENABLE_DEBUG_INFO = YES;
				ONLY_ACTIVE_ARCH = YES;
				SDKROOT = iphoneos;
				SWIFT_ACTIVE_COMPILATION_CONDITIONS = DEBUG;
				SWIFT_OPTIMIZATION_LEVEL = "-Onone";
			};
			name = Debug;
		};
		673B64491FC403C80072D1ED /* Release */ = {
			isa = XCBuildConfiguration;
			buildSettings = {
				ALWAYS_SEARCH_USER_PATHS = NO;
				CLANG_ANALYZER_NONNULL = YES;
				CLANG_ANALYZER_NUMBER_OBJECT_CONVERSION = YES_AGGRESSIVE;
				CLANG_CXX_LANGUAGE_STANDARD = "gnu++14";
				CLANG_CXX_LIBRARY = "libc++";
				CLANG_ENABLE_MODULES = YES;
				CLANG_ENABLE_OBJC_ARC = YES;
				CLANG_WARN_BLOCK_CAPTURE_AUTORELEASING = YES;
				CLANG_WARN_BOOL_CONVERSION = YES;
				CLANG_WARN_COMMA = YES;
				CLANG_WARN_CONSTANT_CONVERSION = YES;
				CLANG_WARN_DIRECT_OBJC_ISA_USAGE = YES_ERROR;
				CLANG_WARN_DOCUMENTATION_COMMENTS = YES;
				CLANG_WARN_EMPTY_BODY = YES;
				CLANG_WARN_ENUM_CONVERSION = YES;
				CLANG_WARN_INFINITE_RECURSION = YES;
				CLANG_WARN_INT_CONVERSION = YES;
				CLANG_WARN_NON_LITERAL_NULL_CONVERSION = YES;
				CLANG_WARN_OBJC_LITERAL_CONVERSION = YES;
				CLANG_WARN_OBJC_ROOT_CLASS = YES_ERROR;
				CLANG_WARN_RANGE_LOOP_ANALYSIS = YES;
				CLANG_WARN_STRICT_PROTOTYPES = YES;
				CLANG_WARN_SUSPICIOUS_MOVE = YES;
				CLANG_WARN_UNGUARDED_AVAILABILITY = YES_AGGRESSIVE;
				CLANG_WARN_UNREACHABLE_CODE = YES;
				CLANG_WARN__DUPLICATE_METHOD_MATCH = YES;
				CODE_SIGN_IDENTITY = "iPhone Developer";
				COPY_PHASE_STRIP = NO;
				DEBUG_INFORMATION_FORMAT = "dwarf-with-dsym";
				ENABLE_NS_ASSERTIONS = NO;
				ENABLE_STRICT_OBJC_MSGSEND = YES;
				GCC_C_LANGUAGE_STANDARD = gnu11;
				GCC_NO_COMMON_BLOCKS = YES;
				GCC_WARN_64_TO_32_BIT_CONVERSION = YES;
				GCC_WARN_ABOUT_RETURN_TYPE = YES_ERROR;
				GCC_WARN_UNDECLARED_SELECTOR = YES;
				GCC_WARN_UNINITIALIZED_AUTOS = YES_AGGRESSIVE;
				GCC_WARN_UNUSED_FUNCTION = YES;
				GCC_WARN_UNUSED_VARIABLE = YES;
				IPHONEOS_DEPLOYMENT_TARGET = 11.1;
				MTL_ENABLE_DEBUG_INFO = NO;
				SDKROOT = iphoneos;
				SWIFT_OPTIMIZATION_LEVEL = "-Owholemodule";
				VALIDATE_PRODUCT = YES;
			};
			name = Release;
		};
		673B644B1FC403C80072D1ED /* Debug */ = {
			isa = XCBuildConfiguration;
			baseConfigurationReference = EB25E11E2C4B1C940DEFE37B /* Pods-qiqiaoguoEdu.debug.xcconfig */;
			buildSettings = {
				ASSETCATALOG_COMPILER_APPICON_NAME = AppIcon;
				CLANG_ENABLE_MODULES = YES;
				CODE_SIGN_STYLE = Automatic;
				DEVELOPMENT_TEAM = AUVDLZTKHF;
				INFOPLIST_FILE = qiqiaoguoEdu/Info.plist;
				LD_RUNPATH_SEARCH_PATHS = "$(inherited) @executable_path/Frameworks";
				PRODUCT_BUNDLE_IDENTIFIER = com.qiqiaoguo.edu.qiqiaoguoEdu;
				PRODUCT_NAME = "$(TARGET_NAME)";
				SWIFT_OPTIMIZATION_LEVEL = "-Onone";
				SWIFT_VERSION = 4.0;
				TARGETED_DEVICE_FAMILY = 1;
			};
			name = Debug;
		};
		673B644C1FC403C80072D1ED /* Release */ = {
			isa = XCBuildConfiguration;
			baseConfigurationReference = C704D16891CCE0C19E0D5E99 /* Pods-qiqiaoguoEdu.release.xcconfig */;
			buildSettings = {
				ASSETCATALOG_COMPILER_APPICON_NAME = AppIcon;
				CLANG_ENABLE_MODULES = YES;
				CODE_SIGN_STYLE = Automatic;
				DEVELOPMENT_TEAM = AUVDLZTKHF;
				INFOPLIST_FILE = qiqiaoguoEdu/Info.plist;
				LD_RUNPATH_SEARCH_PATHS = "$(inherited) @executable_path/Frameworks";
				PRODUCT_BUNDLE_IDENTIFIER = com.qiqiaoguo.edu.qiqiaoguoEdu;
				PRODUCT_NAME = "$(TARGET_NAME)";
				SWIFT_VERSION = 4.0;
				TARGETED_DEVICE_FAMILY = 1;
			};
			name = Release;
		};
		673B644E1FC403C80072D1ED /* Debug */ = {
			isa = XCBuildConfiguration;
			buildSettings = {
				ALWAYS_EMBED_SWIFT_STANDARD_LIBRARIES = YES;
				BUNDLE_LOADER = "$(TEST_HOST)";
				CODE_SIGN_STYLE = Automatic;
				DEVELOPMENT_TEAM = AUVDLZTKHF;
				INFOPLIST_FILE = qiqiaoguoEduTests/Info.plist;
				LD_RUNPATH_SEARCH_PATHS = "$(inherited) @executable_path/Frameworks @loader_path/Frameworks";
				PRODUCT_BUNDLE_IDENTIFIER = com.qiqiaoguo.edu.qiqiaoguoEduTests;
				PRODUCT_NAME = "$(TARGET_NAME)";
				SWIFT_VERSION = 4.0;
				TARGETED_DEVICE_FAMILY = "1,2";
				TEST_HOST = "$(BUILT_PRODUCTS_DIR)/qiqiaoguoEdu.app/qiqiaoguoEdu";
			};
			name = Debug;
		};
		673B644F1FC403C80072D1ED /* Release */ = {
			isa = XCBuildConfiguration;
			buildSettings = {
				ALWAYS_EMBED_SWIFT_STANDARD_LIBRARIES = YES;
				BUNDLE_LOADER = "$(TEST_HOST)";
				CODE_SIGN_STYLE = Automatic;
				DEVELOPMENT_TEAM = AUVDLZTKHF;
				INFOPLIST_FILE = qiqiaoguoEduTests/Info.plist;
				LD_RUNPATH_SEARCH_PATHS = "$(inherited) @executable_path/Frameworks @loader_path/Frameworks";
				PRODUCT_BUNDLE_IDENTIFIER = com.qiqiaoguo.edu.qiqiaoguoEduTests;
				PRODUCT_NAME = "$(TARGET_NAME)";
				SWIFT_VERSION = 4.0;
				TARGETED_DEVICE_FAMILY = "1,2";
				TEST_HOST = "$(BUILT_PRODUCTS_DIR)/qiqiaoguoEdu.app/qiqiaoguoEdu";
			};
			name = Release;
		};
		673B64511FC403C80072D1ED /* Debug */ = {
			isa = XCBuildConfiguration;
			buildSettings = {
				ALWAYS_EMBED_SWIFT_STANDARD_LIBRARIES = YES;
				CODE_SIGN_STYLE = Automatic;
				DEVELOPMENT_TEAM = AUVDLZTKHF;
				INFOPLIST_FILE = qiqiaoguoEduUITests/Info.plist;
				LD_RUNPATH_SEARCH_PATHS = "$(inherited) @executable_path/Frameworks @loader_path/Frameworks";
				PRODUCT_BUNDLE_IDENTIFIER = com.qiqiaoguo.edu.qiqiaoguoEduUITests;
				PRODUCT_NAME = "$(TARGET_NAME)";
				SWIFT_VERSION = 4.0;
				TARGETED_DEVICE_FAMILY = "1,2";
				TEST_TARGET_NAME = qiqiaoguoEdu;
			};
			name = Debug;
		};
		673B64521FC403C80072D1ED /* Release */ = {
			isa = XCBuildConfiguration;
			buildSettings = {
				ALWAYS_EMBED_SWIFT_STANDARD_LIBRARIES = YES;
				CODE_SIGN_STYLE = Automatic;
				DEVELOPMENT_TEAM = AUVDLZTKHF;
				INFOPLIST_FILE = qiqiaoguoEduUITests/Info.plist;
				LD_RUNPATH_SEARCH_PATHS = "$(inherited) @executable_path/Frameworks @loader_path/Frameworks";
				PRODUCT_BUNDLE_IDENTIFIER = com.qiqiaoguo.edu.qiqiaoguoEduUITests;
				PRODUCT_NAME = "$(TARGET_NAME)";
				SWIFT_VERSION = 4.0;
				TARGETED_DEVICE_FAMILY = "1,2";
				TEST_TARGET_NAME = qiqiaoguoEdu;
			};
			name = Release;
		};
/* End XCBuildConfiguration section */

/* Begin XCConfigurationList section */
		673B641A1FC403C80072D1ED /* Build configuration list for PBXProject "qiqiaoguoEdu" */ = {
			isa = XCConfigurationList;
			buildConfigurations = (
				673B64481FC403C80072D1ED /* Debug */,
				673B64491FC403C80072D1ED /* Release */,
			);
			defaultConfigurationIsVisible = 0;
			defaultConfigurationName = Release;
		};
		673B644A1FC403C80072D1ED /* Build configuration list for PBXNativeTarget "qiqiaoguoEdu" */ = {
			isa = XCConfigurationList;
			buildConfigurations = (
				673B644B1FC403C80072D1ED /* Debug */,
				673B644C1FC403C80072D1ED /* Release */,
			);
			defaultConfigurationIsVisible = 0;
			defaultConfigurationName = Release;
		};
		673B644D1FC403C80072D1ED /* Build configuration list for PBXNativeTarget "qiqiaoguoEduTests" */ = {
			isa = XCConfigurationList;
			buildConfigurations = (
				673B644E1FC403C80072D1ED /* Debug */,
				673B644F1FC403C80072D1ED /* Release */,
			);
			defaultConfigurationIsVisible = 0;
			defaultConfigurationName = Release;
		};
		673B64501FC403C80072D1ED /* Build configuration list for PBXNativeTarget "qiqiaoguoEduUITests" */ = {
			isa = XCConfigurationList;
			buildConfigurations = (
				673B64511FC403C80072D1ED /* Debug */,
				673B64521FC403C80072D1ED /* Release */,
			);
			defaultConfigurationIsVisible = 0;
			defaultConfigurationName = Release;
		};
/* End XCConfigurationList section */
	};
	rootObject = 673B64171FC403C80072D1ED /* Project object */;
}
